
Microsoft Visual Studio Solution File, Format Version 12.00
# Visual Studio 15
VisualStudioVersion = 15.0.28307.902
MinimumVisualStudioVersion = 10.0.40219.1
Project("{FAE04EC0-301F-11D3-BF4B-00C04F79EFBC}") = "NBAStars", "NBAStars\NBAStars.csproj", "{0452CA0D-CFC8-45E6-BE5E-FEF67F991FC5}"
EndProject
Global
	GlobalSection(SolutionConfigurationPlatforms) = preSolution
		Debug|Any CPU = Debug|Any CPU
		Release|Any CPU = Release|Any CPU
	EndGlobalSection
	GlobalSection(ProjectConfigurationPlatforms) = postSolution
		{0452CA0D-CFC8-45E6-BE5E-FEF67F991FC5}.Debug|Any CPU.ActiveCfg = Debug|Any CPU
		{0452CA0D-CFC8-45E6-BE5E-FEF67F991FC5}.Debug|Any CPU.Build.0 = Debug|Any CPU
		{0452CA0D-CFC8-45E6-BE5E-FEF67F991FC5}.Release|Any CPU.ActiveCfg = Release|Any CPU
		{0452CA0D-CFC8-45E6-BE5E-FEF67F991FC5}.Release|Any CPU.Build.0 = Release|Any CPU
	EndGlobalSection
	GlobalSection(SolutionProperties) = preSolution
		HideSolutionNode = FALSE
	EndGlobalSection
	GlobalSection(ExtensibilityGlobals) = postSolution
		SolutionGuid = {DA005F7B-195F-462E-B79F-D34DB800EEA6}
	EndGlobalSection
EndGlobal
